
Microsoft Visual Studio Solution File, Format Version 12.00
# Visual Studio 15
VisualStudioVersion = 15.0.34320.172
MinimumVisualStudioVersion = 10.0.40219.1
Project("{FAE04EC0-301F-11D3-BF4B-00C04F79EFBC}") = "AdventOfCode2023", "AdventOfCode2023\AdventOfCode2023.csproj", "{EFE6A7D3-EC4E-458D-80DD-EA6BB329C23C}"
EndProject
Global
	GlobalSection(SolutionConfigurationPlatforms) = preSolution
		Debug|Any CPU = Debug|Any CPU
		Release|Any CPU = Release|Any CPU
	EndGlobalSection
	GlobalSection(ProjectConfigurationPlatforms) = postSolution
		{EFE6A7D3-EC4E-458D-80DD-EA6BB329C23C}.Debug|Any CPU.ActiveCfg = Debug|Any CPU
		{EFE6A7D3-EC4E-458D-80DD-EA6BB329C23C}.Debug|Any CPU.Build.0 = Debug|Any CPU
		{EFE6A7D3-EC4E-458D-80DD-EA6BB329C23C}.Release|Any CPU.ActiveCfg = Release|Any CPU
		{EFE6A7D3-EC4E-458D-80DD-EA6BB329C23C}.Release|Any CPU.Build.0 = Release|Any CPU
	EndGlobalSection
	GlobalSection(SolutionProperties) = preSolution
		HideSolutionNode = FALSE
	EndGlobalSection
	GlobalSection(ExtensibilityGlobals) = postSolution
		SolutionGuid = {7CAA1CF8-CD09-4994-9E4E-B7F9ED83B2ED}
	EndGlobalSection
EndGlobal
